
Microsoft Visual Studio Solution File, Format Version 12.00
# Visual Studio Version 16
VisualStudioVersion = 16.0.31624.102
MinimumVisualStudioVersion = 10.0.40219.1
Project("{8BC9CEB8-8B4A-11D0-8D11-00A0C91BC942}") = "lab-6.1", "lab-6.1.vcxproj", "{45AE86D8-CA00-4391-A6C3-1343B5CC1EE0}"
EndProject
Project("{8BC9CEB8-8B4A-11D0-8D11-00A0C91BC942}") = "UnitTest4", "..\UnitTest4\UnitTest4.vcxproj", "{7746E21C-05A8-45C4-83CF-E0236C58A230}"
EndProject
Global
	GlobalSection(SolutionConfigurationPlatforms) = preSolution
		Debug|x64 = Debug|x64
		Debug|x86 = Debug|x86
		Release|x64 = Release|x64
		Release|x86 = Release|x86
	EndGlobalSection
	GlobalSection(ProjectConfigurationPlatforms) = postSolution
		{45AE86D8-CA00-4391-A6C3-1343B5CC1EE0}.Debug|x64.ActiveCfg = Debug|x64
		{45AE86D8-CA00-4391-A6C3-1343B5CC1EE0}.Debug|x64.Build.0 = Debug|x64
		{45AE86D8-CA00-4391-A6C3-1343B5CC1EE0}.Debug|x86.ActiveCfg = Debug|Win32
		{45AE86D8-CA00-4391-A6C3-1343B5CC1EE0}.Debug|x86.Build.0 = Debug|Win32
		{45AE86D8-CA00-4391-A6C3-1343B5CC1EE0}.Release|x64.ActiveCfg = Release|x64
		{45AE86D8-CA00-4391-A6C3-1343B5CC1EE0}.Release|x64.Build.0 = Release|x64
		{45AE86D8-CA00-4391-A6C3-1343B5CC1EE0}.Release|x86.ActiveCfg = Release|Win32
		{45AE86D8-CA00-4391-A6C3-1343B5CC1EE0}.Release|x86.Build.0 = Release|Win32
		{7746E21C-05A8-45C4-83CF-E0236C58A230}.Debug|x64.ActiveCfg = Debug|x64
		{7746E21C-05A8-45C4-83CF-E0236C58A230}.Debug|x64.Build.0 = Debug|x64
		{7746E21C-05A8-45C4-83CF-E0236C58A230}.Debug|x86.ActiveCfg = Debug|Win32
		{7746E21C-05A8-45C4-83CF-E0236C58A230}.Debug|x86.Build.0 = Debug|Win32
		{7746E21C-05A8-45C4-83CF-E0236C58A230}.Release|x64.ActiveCfg = Release|x64
		{7746E21C-05A8-45C4-83CF-E0236C58A230}.Release|x64.Build.0 = Release|x64
		{7746E21C-05A8-45C4-83CF-E0236C58A230}.Release|x86.ActiveCfg = Release|Win32
		{7746E21C-05A8-45C4-83CF-E0236C58A230}.Release|x86.Build.0 = Release|Win32
	EndGlobalSection
	GlobalSection(SolutionProperties) = preSolution
		HideSolutionNode = FALSE
	EndGlobalSection
	GlobalSection(ExtensibilityGlobals) = postSolution
		SolutionGuid = {D1CC85BF-41E4-4460-A212-E5C7D81531DE}
	EndGlobalSection
EndGlobal
